
Microsoft Visual Studio Solution File, Format Version 12.00
# Visual Studio 15
VisualStudioVersion = 15.0.28307.421
MinimumVisualStudioVersion = 10.0.40219.1
Project("{FAE04EC0-301F-11D3-BF4B-00C04F79EFBC}") = "testprojectmvc", "testprojectmvc\testprojectmvc.csproj", "{BF981338-C407-48C8-BBDD-DBFC0F9BD142}"
EndProject
Global
	GlobalSection(SolutionConfigurationPlatforms) = preSolution
		Debug|Any CPU = Debug|Any CPU
		Release|Any CPU = Release|Any CPU
	EndGlobalSection
	GlobalSection(ProjectConfigurationPlatforms) = postSolution
		{BF981338-C407-48C8-BBDD-DBFC0F9BD142}.Debug|Any CPU.ActiveCfg = Debug|Any CPU
		{BF981338-C407-48C8-BBDD-DBFC0F9BD142}.Debug|Any CPU.Build.0 = Debug|Any CPU
		{BF981338-C407-48C8-BBDD-DBFC0F9BD142}.Release|Any CPU.ActiveCfg = Release|Any CPU
		{BF981338-C407-48C8-BBDD-DBFC0F9BD142}.Release|Any CPU.Build.0 = Release|Any CPU
	EndGlobalSection
	GlobalSection(SolutionProperties) = preSolution
		HideSolutionNode = FALSE
	EndGlobalSection
	GlobalSection(ExtensibilityGlobals) = postSolution
		SolutionGuid = {2618787E-C471-4BEE-ACC8-EE0C2E28DE52}
	EndGlobalSection
EndGlobal
